{
  "name": "@heymarco/sass-class-template",
  "version": "1.0.0",
  "lockfileVersion": 1,
  "requires": true,
  "dependencies": {
    "@heymarco/sass-selector": {
      "version": "1.0.1",
      "resolved": "https://registry.npmjs.org/@heymarco/sass-selector/-/sass-selector-1.0.1.tgz",
      "integrity": "sha512-+sVlCuu27rjzReieAJ7FjZhia1ynu/SYpn5JkI1SF88fh5EupmcfG26HE4ioqMZqmoqBzFRtFGwfMkhby1j+ag==",
      "requires": {
        "@heymarco/sass-string": "^1.0.1"
      }
    },
    "@heymarco/sass-string": {
      "version": "1.0.1",
      "resolved": "https://registry.npmjs.org/@heymarco/sass-string/-/sass-string-1.0.1.tgz",
      "integrity": "sha512-YH2CTse5Ku9XQC1R0F92FcFVzJLgBX+jQoR0I3/1cO20PCN/0diUeOfFvJDzMoVbnvqjXKmUsoAhHHvrsqYzMw=="
    }
  }
}
